// !$*UTF8*$!
{
	archiveVersion = 1;
	classes = {
	};
	objectVersion = 56;
	objects = {

/* Begin PBXBuildFile section */
		8A2F67BB2C495DCE0029CF3F /* 21_MergeTwoSortedLists.swift in Sources */ = {isa = PBXBuildFile; fileRef = 8A2F67BA2C495DCE0029CF3F /* 21_MergeTwoSortedLists.swift */; };
		8A7FC1902C49790F001D67E1 /* 26_RemoveDuplicates.swift in Sources */ = {isa = PBXBuildFile; fileRef = 8A7FC18F2C49790F001D67E1 /* 26_RemoveDuplicates.swift */; };
		8A7FC1922C497BF7001D67E1 /* 27_RemoveElement.swift in Sources */ = {isa = PBXBuildFile; fileRef = 8A7FC1912C497BF7001D67E1 /* 27_RemoveElement.swift */; };
		8A7FC1942C497F60001D67E1 /* 58_LengthOfLastWord.swift in Sources */ = {isa = PBXBuildFile; fileRef = 8A7FC1932C497F60001D67E1 /* 58_LengthOfLastWord.swift */; };
		8A7FC1962C498CB3001D67E1 /* 66_PlusOne.swift in Sources */ = {isa = PBXBuildFile; fileRef = 8A7FC1952C498CB3001D67E1 /* 66_PlusOne.swift */; };
		8A85CF4C2CDA4467000A7F0B /* 67_AddBinary.swift in Sources */ = {isa = PBXBuildFile; fileRef = 8A85CF4B2CDA4454000A7F0B /* 67_AddBinary.swift */; };
		8A8818A32C3B128100618F9A /* CopyOnWrite.swift in Sources */ = {isa = PBXBuildFile; fileRef = 8A8818A22C3B128100618F9A /* CopyOnWrite.swift */; };
		8A8818A52C3B13F600618F9A /* CoWDataModels.swift in Sources */ = {isa = PBXBuildFile; fileRef = 8A8818A42C3B13F600618F9A /* CoWDataModels.swift */; };
		8A8818A92C3B14AD00618F9A /* Array+TestUtils.swift in Sources */ = {isa = PBXBuildFile; fileRef = 8A8818A82C3B14AD00618F9A /* Array+TestUtils.swift */; };
		8A8818AC2C3B16D600618F9A /* MemoryAddress.swift in Sources */ = {isa = PBXBuildFile; fileRef = 8A8818AB2C3B16D600618F9A /* MemoryAddress.swift */; };
		8A8818AE2C3B2A9A00618F9A /* DynamicDispatch.swift in Sources */ = {isa = PBXBuildFile; fileRef = 8A8818AD2C3B2A9A00618F9A /* DynamicDispatch.swift */; };
		8A8818B02C3B2AD600618F9A /* DynamicDispatchModels.swift in Sources */ = {isa = PBXBuildFile; fileRef = 8A8818AF2C3B2AD600618F9A /* DynamicDispatchModels.swift */; };
		8A8819092C4144A700618F9A /* IDDataStructures in Frameworks */ = {isa = PBXBuildFile; productRef = 8A8819082C4144A700618F9A /* IDDataStructures */; };
		8A88191F2C4179CD00618F9A /* DDProtocols.swift in Sources */ = {isa = PBXBuildFile; fileRef = 8A88191E2C4179CD00618F9A /* DDProtocols.swift */; };
		8A8819212C417AA900618F9A /* DDClasses.swift in Sources */ = {isa = PBXBuildFile; fileRef = 8A8819202C417AA900618F9A /* DDClasses.swift */; };
		8AAE83B42C49296F00F00917 /* 14_LongestCommonPrefix.swift in Sources */ = {isa = PBXBuildFile; fileRef = 8AAE83B32C49296F00F00917 /* 14_LongestCommonPrefix.swift */; };
		8AAE83B72C492F5A00F00917 /* 20_ValidParentheses.swift in Sources */ = {isa = PBXBuildFile; fileRef = 8AAE83B62C492F5A00F00917 /* 20_ValidParentheses.swift */; };
		8ACB26D52C309B6B0041F696 /* MemoryLayoutExample.swift in Sources */ = {isa = PBXBuildFile; fileRef = 8ACB26D42C309B6B0041F696 /* MemoryLayoutExample.swift */; };
		8AD97EE02C4215CB001E5AE6 /* 1_TwoSum.swift in Sources */ = {isa = PBXBuildFile; fileRef = 8AD97ED82C4215CB001E5AE6 /* 1_TwoSum.swift */; };
		8AD97EE12C4215CB001E5AE6 /* 9_PalindromeNumber.swift in Sources */ = {isa = PBXBuildFile; fileRef = 8AD97ED92C4215CB001E5AE6 /* 9_PalindromeNumber.swift */; };
		8AD97EE22C4215CB001E5AE6 /* 28_FirstOccurance.swift in Sources */ = {isa = PBXBuildFile; fileRef = 8AD97EDA2C4215CB001E5AE6 /* 28_FirstOccurance.swift */; };
		8AD97EE32C4215CB001E5AE6 /* 35_SearchInsert.swift in Sources */ = {isa = PBXBuildFile; fileRef = 8AD97EDB2C4215CB001E5AE6 /* 35_SearchInsert.swift */; };
		8AD97EE52C4215CB001E5AE6 /* LeetcodeTask.swift in Sources */ = {isa = PBXBuildFile; fileRef = 8AD97EDE2C4215CB001E5AE6 /* LeetcodeTask.swift */; };
		8AE119BA2C2E5142004B9618 /* IDKnowlegeDBApp.swift in Sources */ = {isa = PBXBuildFile; fileRef = 8AE119B92C2E5142004B9618 /* IDKnowlegeDBApp.swift */; };
		8AE119BC2C2E5142004B9618 /* ContentView.swift in Sources */ = {isa = PBXBuildFile; fileRef = 8AE119BB2C2E5142004B9618 /* ContentView.swift */; };
		8AE119BE2C2E5143004B9618 /* Assets.xcassets in Resources */ = {isa = PBXBuildFile; fileRef = 8AE119BD2C2E5143004B9618 /* Assets.xcassets */; };
		8AE119C12C2E5143004B9618 /* Preview Assets.xcassets in Resources */ = {isa = PBXBuildFile; fileRef = 8AE119C02C2E5143004B9618 /* Preview Assets.xcassets */; };
		8AE119CB2C2E5143004B9618 /* IDKnowlegeDBTests.swift in Sources */ = {isa = PBXBuildFile; fileRef = 8AE119CA2C2E5143004B9618 /* IDKnowlegeDBTests.swift */; };
		8AE119D52C2E5143004B9618 /* IDKnowlegeDBUITests.swift in Sources */ = {isa = PBXBuildFile; fileRef = 8AE119D42C2E5143004B9618 /* IDKnowlegeDBUITests.swift */; };
		8AE119D72C2E5143004B9618 /* IDKnowlegeDBUITestsLaunchTests.swift in Sources */ = {isa = PBXBuildFile; fileRef = 8AE119D62C2E5143004B9618 /* IDKnowlegeDBUITestsLaunchTests.swift */; };
		8AF02DBF2C48F4C800F1F884 /* 13_RomanToInteger.swift in Sources */ = {isa = PBXBuildFile; fileRef = 8AF02DBE2C48F4C800F1F884 /* 13_RomanToInteger.swift */; };
/* End PBXBuildFile section */

/* Begin PBXContainerItemProxy section */
		8AE119C72C2E5143004B9618 /* PBXContainerItemProxy */ = {
			isa = PBXContainerItemProxy;
			containerPortal = 8AE119AE2C2E5142004B9618 /* Project object */;
			proxyType = 1;
			remoteGlobalIDString = 8AE119B52C2E5142004B9618;
			remoteInfo = IDKnowlegeDB;
		};
		8AE119D12C2E5143004B9618 /* PBXContainerItemProxy */ = {
			isa = PBXContainerItemProxy;
			containerPortal = 8AE119AE2C2E5142004B9618 /* Project object */;
			proxyType = 1;
			remoteGlobalIDString = 8AE119B52C2E5142004B9618;
			remoteInfo = IDKnowlegeDB;
		};
/* End PBXContainerItemProxy section */

/* Begin PBXFileReference section */
		8A2F67BA2C495DCE0029CF3F /* 21_MergeTwoSortedLists.swift */ = {isa = PBXFileReference; lastKnownFileType = sourcecode.swift; path = 21_MergeTwoSortedLists.swift; sourceTree = "<group>"; };
		8A7FC18F2C49790F001D67E1 /* 26_RemoveDuplicates.swift */ = {isa = PBXFileReference; lastKnownFileType = sourcecode.swift; path = 26_RemoveDuplicates.swift; sourceTree = "<group>"; };
		8A7FC1912C497BF7001D67E1 /* 27_RemoveElement.swift */ = {isa = PBXFileReference; lastKnownFileType = sourcecode.swift; path = 27_RemoveElement.swift; sourceTree = "<group>"; };
		8A7FC1932C497F60001D67E1 /* 58_LengthOfLastWord.swift */ = {isa = PBXFileReference; lastKnownFileType = sourcecode.swift; path = 58_LengthOfLastWord.swift; sourceTree = "<group>"; };
		8A7FC1952C498CB3001D67E1 /* 66_PlusOne.swift */ = {isa = PBXFileReference; lastKnownFileType = sourcecode.swift; path = 66_PlusOne.swift; sourceTree = "<group>"; };
		8A85CF4B2CDA4454000A7F0B /* 67_AddBinary.swift */ = {isa = PBXFileReference; lastKnownFileType = sourcecode.swift; path = 67_AddBinary.swift; sourceTree = "<group>"; };
		8A8818A22C3B128100618F9A /* CopyOnWrite.swift */ = {isa = PBXFileReference; lastKnownFileType = sourcecode.swift; path = CopyOnWrite.swift; sourceTree = "<group>"; };
		8A8818A42C3B13F600618F9A /* CoWDataModels.swift */ = {isa = PBXFileReference; lastKnownFileType = sourcecode.swift; path = CoWDataModels.swift; sourceTree = "<group>"; };
		8A8818A82C3B14AD00618F9A /* Array+TestUtils.swift */ = {isa = PBXFileReference; lastKnownFileType = sourcecode.swift; path = "Array+TestUtils.swift"; sourceTree = "<group>"; };
		8A8818AB2C3B16D600618F9A /* MemoryAddress.swift */ = {isa = PBXFileReference; lastKnownFileType = sourcecode.swift; path = MemoryAddress.swift; sourceTree = "<group>"; };
		8A8818AD2C3B2A9A00618F9A /* DynamicDispatch.swift */ = {isa = PBXFileReference; lastKnownFileType = sourcecode.swift; path = DynamicDispatch.swift; sourceTree = "<group>"; };
		8A8818AF2C3B2AD600618F9A /* DynamicDispatchModels.swift */ = {isa = PBXFileReference; lastKnownFileType = sourcecode.swift; path = DynamicDispatchModels.swift; sourceTree = "<group>"; };
		8A8819032C413C9F00618F9A /* IDDataStructures */ = {isa = PBXFileReference; lastKnownFileType = wrapper; name = IDDataStructures; path = ../../../IDDataStructures; sourceTree = "<group>"; };
		8A88191E2C4179CD00618F9A /* DDProtocols.swift */ = {isa = PBXFileReference; lastKnownFileType = sourcecode.swift; path = DDProtocols.swift; sourceTree = "<group>"; };
		8A8819202C417AA900618F9A /* DDClasses.swift */ = {isa = PBXFileReference; lastKnownFileType = sourcecode.swift; path = DDClasses.swift; sourceTree = "<group>"; };
		8AAE83B32C49296F00F00917 /* 14_LongestCommonPrefix.swift */ = {isa = PBXFileReference; lastKnownFileType = sourcecode.swift; path = 14_LongestCommonPrefix.swift; sourceTree = "<group>"; };
		8AAE83B62C492F5A00F00917 /* 20_ValidParentheses.swift */ = {isa = PBXFileReference; lastKnownFileType = sourcecode.swift; path = 20_ValidParentheses.swift; sourceTree = "<group>"; };
		8ACB26D42C309B6B0041F696 /* MemoryLayoutExample.swift */ = {isa = PBXFileReference; lastKnownFileType = sourcecode.swift; path = MemoryLayoutExample.swift; sourceTree = "<group>"; };
		8AD97ED82C4215CB001E5AE6 /* 1_TwoSum.swift */ = {isa = PBXFileReference; fileEncoding = 4; lastKnownFileType = sourcecode.swift; path = 1_TwoSum.swift; sourceTree = "<group>"; };
		8AD97ED92C4215CB001E5AE6 /* 9_PalindromeNumber.swift */ = {isa = PBXFileReference; fileEncoding = 4; lastKnownFileType = sourcecode.swift; path = 9_PalindromeNumber.swift; sourceTree = "<group>"; };
		8AD97EDA2C4215CB001E5AE6 /* 28_FirstOccurance.swift */ = {isa = PBXFileReference; fileEncoding = 4; lastKnownFileType = sourcecode.swift; path = 28_FirstOccurance.swift; sourceTree = "<group>"; };
		8AD97EDB2C4215CB001E5AE6 /* 35_SearchInsert.swift */ = {isa = PBXFileReference; fileEncoding = 4; lastKnownFileType = sourcecode.swift; path = 35_SearchInsert.swift; sourceTree = "<group>"; };
		8AD97EDE2C4215CB001E5AE6 /* LeetcodeTask.swift */ = {isa = PBXFileReference; fileEncoding = 4; lastKnownFileType = sourcecode.swift; path = LeetcodeTask.swift; sourceTree = "<group>"; };
		8AE119B62C2E5142004B9618 /* IDKnowlegeDB.app */ = {isa = PBXFileReference; explicitFileType = wrapper.application; includeInIndex = 0; path = IDKnowlegeDB.app; sourceTree = BUILT_PRODUCTS_DIR; };
		8AE119B92C2E5142004B9618 /* IDKnowlegeDBApp.swift */ = {isa = PBXFileReference; lastKnownFileType = sourcecode.swift; path = IDKnowlegeDBApp.swift; sourceTree = "<group>"; };
		8AE119BB2C2E5142004B9618 /* ContentView.swift */ = {isa = PBXFileReference; lastKnownFileType = sourcecode.swift; path = ContentView.swift; sourceTree = "<group>"; };
		8AE119BD2C2E5143004B9618 /* Assets.xcassets */ = {isa = PBXFileReference; lastKnownFileType = folder.assetcatalog; path = Assets.xcassets; sourceTree = "<group>"; };
		8AE119C02C2E5143004B9618 /* Preview Assets.xcassets */ = {isa = PBXFileReference; lastKnownFileType = folder.assetcatalog; path = "Preview Assets.xcassets"; sourceTree = "<group>"; };
		8AE119C62C2E5143004B9618 /* IDKnowlegeDBTests.xctest */ = {isa = PBXFileReference; explicitFileType = wrapper.cfbundle; includeInIndex = 0; path = IDKnowlegeDBTests.xctest; sourceTree = BUILT_PRODUCTS_DIR; };
		8AE119CA2C2E5143004B9618 /* IDKnowlegeDBTests.swift */ = {isa = PBXFileReference; lastKnownFileType = sourcecode.swift; path = IDKnowlegeDBTests.swift; sourceTree = "<group>"; };
		8AE119D02C2E5143004B9618 /* IDKnowlegeDBUITests.xctest */ = {isa = PBXFileReference; explicitFileType = wrapper.cfbundle; includeInIndex = 0; path = IDKnowlegeDBUITests.xctest; sourceTree = BUILT_PRODUCTS_DIR; };
		8AE119D42C2E5143004B9618 /* IDKnowlegeDBUITests.swift */ = {isa = PBXFileReference; lastKnownFileType = sourcecode.swift; path = IDKnowlegeDBUITests.swift; sourceTree = "<group>"; };
		8AE119D62C2E5143004B9618 /* IDKnowlegeDBUITestsLaunchTests.swift */ = {isa = PBXFileReference; lastKnownFileType = sourcecode.swift; path = IDKnowlegeDBUITestsLaunchTests.swift; sourceTree = "<group>"; };
		8AF02DBE2C48F4C800F1F884 /* 13_RomanToInteger.swift */ = {isa = PBXFileReference; lastKnownFileType = sourcecode.swift; path = 13_RomanToInteger.swift; sourceTree = "<group>"; };
/* End PBXFileReference section */

/* Begin PBXFrameworksBuildPhase section */
		8AE119B32C2E5142004B9618 /* Frameworks */ = {
			isa = PBXFrameworksBuildPhase;
			buildActionMask = 2147483647;
			files = (
			);
			runOnlyForDeploymentPostprocessing = 0;
		};
		8AE119C32C2E5143004B9618 /* Frameworks */ = {
			isa = PBXFrameworksBuildPhase;
			buildActionMask = 2147483647;
			files = (
				8A8819092C4144A700618F9A /* IDDataStructures in Frameworks */,
			);
			runOnlyForDeploymentPostprocessing = 0;
		};
		8AE119CD2C2E5143004B9618 /* Frameworks */ = {
			isa = PBXFrameworksBuildPhase;
			buildActionMask = 2147483647;
			files = (
			);
			runOnlyForDeploymentPostprocessing = 0;
		};
/* End PBXFrameworksBuildPhase section */

/* Begin PBXGroup section */
		8A88189E2C37B51200618F9A /* TestSupport */ = {
			isa = PBXGroup;
			children = (
				8A8818AA2C3B16C100618F9A /* Utils */,
				8A8818A72C3B147F00618F9A /* Extensions */,
				8A8818A62C3B13FB00618F9A /* Models */,
			);
			path = TestSupport;
			sourceTree = "<group>";
		};
		8A8818A12C3B123400618F9A /* Swift */ = {
			isa = PBXGroup;
			children = (
				8A8818A22C3B128100618F9A /* CopyOnWrite.swift */,
				8A8818AD2C3B2A9A00618F9A /* DynamicDispatch.swift */,
			);
			path = Swift;
			sourceTree = "<group>";
		};
		8A8818A62C3B13FB00618F9A /* Models */ = {
			isa = PBXGroup;
			children = (
				8A88191D2C41799E00618F9A /* DinamycDispatch */,
				8A8818A42C3B13F600618F9A /* CoWDataModels.swift */,
			);
			path = Models;
			sourceTree = "<group>";
		};
		8A8818A72C3B147F00618F9A /* Extensions */ = {
			isa = PBXGroup;
			children = (
				8A8818A82C3B14AD00618F9A /* Array+TestUtils.swift */,
			);
			path = Extensions;
			sourceTree = "<group>";
		};
		8A8818AA2C3B16C100618F9A /* Utils */ = {
			isa = PBXGroup;
			children = (
				8A8818AB2C3B16D600618F9A /* MemoryAddress.swift */,
			);
			path = Utils;
			sourceTree = "<group>";
		};
		8A8819022C413C6300618F9A /* Packages */ = {
			isa = PBXGroup;
			children = (
				8A8819032C413C9F00618F9A /* IDDataStructures */,
			);
			path = Packages;
			sourceTree = "<group>";
		};
		8A8819042C41411600618F9A /* DataStructures */ = {
			isa = PBXGroup;
			children = (
			);
			path = DataStructures;
			sourceTree = "<group>";
		};
		8A8819072C4144A700618F9A /* Frameworks */ = {
			isa = PBXGroup;
			children = (
			);
			name = Frameworks;
			sourceTree = "<group>";
		};
		8A88191D2C41799E00618F9A /* DinamycDispatch */ = {
			isa = PBXGroup;
			children = (
				8A8818AF2C3B2AD600618F9A /* DynamicDispatchModels.swift */,
				8A88191E2C4179CD00618F9A /* DDProtocols.swift */,
				8A8819202C417AA900618F9A /* DDClasses.swift */,
			);
			path = DinamycDispatch;
			sourceTree = "<group>";
		};
		8ACB26D32C309B2C0041F696 /* MemoryLayout */ = {
			isa = PBXGroup;
			children = (
				8ACB26D42C309B6B0041F696 /* MemoryLayoutExample.swift */,
			);
			path = MemoryLayout;
			sourceTree = "<group>";
		};
		8AD97EDC2C4215CB001E5AE6 /* Easy */ = {
			isa = PBXGroup;
			children = (
				8AD97ED82C4215CB001E5AE6 /* 1_TwoSum.swift */,
				8AD97ED92C4215CB001E5AE6 /* 9_PalindromeNumber.swift */,
				8AF02DBE2C48F4C800F1F884 /* 13_RomanToInteger.swift */,
				8AAE83B32C49296F00F00917 /* 14_LongestCommonPrefix.swift */,
				8AAE83B62C492F5A00F00917 /* 20_ValidParentheses.swift */,
				8A2F67BA2C495DCE0029CF3F /* 21_MergeTwoSortedLists.swift */,
				8A7FC18F2C49790F001D67E1 /* 26_RemoveDuplicates.swift */,
				8A7FC1912C497BF7001D67E1 /* 27_RemoveElement.swift */,
				8AD97EDA2C4215CB001E5AE6 /* 28_FirstOccurance.swift */,
				8AD97EDB2C4215CB001E5AE6 /* 35_SearchInsert.swift */,
				8A7FC1932C497F60001D67E1 /* 58_LengthOfLastWord.swift */,
				8A7FC1952C498CB3001D67E1 /* 66_PlusOne.swift */,
				8A85CF4B2CDA4454000A7F0B /* 67_AddBinary.swift */,
			);
			path = Easy;
			sourceTree = "<group>";
		};
		8AD97EDF2C4215CB001E5AE6 /* LeetcodeTests */ = {
			isa = PBXGroup;
			children = (
				8AD97EDC2C4215CB001E5AE6 /* Easy */,
				8AD97EDE2C4215CB001E5AE6 /* LeetcodeTask.swift */,
			);
			path = LeetcodeTests;
			sourceTree = "<group>";
		};
		8AE119AD2C2E5142004B9618 = {
			isa = PBXGroup;
			children = (
				8AE119B82C2E5142004B9618 /* IDKnowlegeDB */,
				8AE119C92C2E5143004B9618 /* IDKnowlegeDBTests */,
				8AE119D32C2E5143004B9618 /* IDKnowlegeDBUITests */,
				8A8819022C413C6300618F9A /* Packages */,
				8AE119B72C2E5142004B9618 /* Products */,
				8A8819072C4144A700618F9A /* Frameworks */,
			);
			sourceTree = "<group>";
		};
		8AE119B72C2E5142004B9618 /* Products */ = {
			isa = PBXGroup;
			children = (
				8AE119B62C2E5142004B9618 /* IDKnowlegeDB.app */,
				8AE119C62C2E5143004B9618 /* IDKnowlegeDBTests.xctest */,
				8AE119D02C2E5143004B9618 /* IDKnowlegeDBUITests.xctest */,
			);
			name = Products;
			sourceTree = "<group>";
		};
		8AE119B82C2E5142004B9618 /* IDKnowlegeDB */ = {
			isa = PBXGroup;
			children = (
				8ACB26D32C309B2C0041F696 /* MemoryLayout */,
				8AE119B92C2E5142004B9618 /* IDKnowlegeDBApp.swift */,
				8AE119BB2C2E5142004B9618 /* ContentView.swift */,
				8AE119BD2C2E5143004B9618 /* Assets.xcassets */,
				8AE119BF2C2E5143004B9618 /* Preview Content */,
			);
			path = IDKnowlegeDB;
			sourceTree = "<group>";
		};
		8AE119BF2C2E5143004B9618 /* Preview Content */ = {
			isa = PBXGroup;
			children = (
				8AE119C02C2E5143004B9618 /* Preview Assets.xcassets */,
			);
			path = "Preview Content";
			sourceTree = "<group>";
		};
		8AE119C92C2E5143004B9618 /* IDKnowlegeDBTests */ = {
			isa = PBXGroup;
			children = (
				8A8819042C41411600618F9A /* DataStructures */,
				8AD97EDF2C4215CB001E5AE6 /* LeetcodeTests */,
				8A8818A12C3B123400618F9A /* Swift */,
				8A88189E2C37B51200618F9A /* TestSupport */,
				8AE119CA2C2E5143004B9618 /* IDKnowlegeDBTests.swift */,
			);
			path = IDKnowlegeDBTests;
			sourceTree = "<group>";
		};
		8AE119D32C2E5143004B9618 /* IDKnowlegeDBUITests */ = {
			isa = PBXGroup;
			children = (
				8AE119D42C2E5143004B9618 /* IDKnowlegeDBUITests.swift */,
				8AE119D62C2E5143004B9618 /* IDKnowlegeDBUITestsLaunchTests.swift */,
			);
			path = IDKnowlegeDBUITests;
			sourceTree = "<group>";
		};
/* End PBXGroup section */

/* Begin PBXNativeTarget section */
		8AE119B52C2E5142004B9618 /* IDKnowlegeDB */ = {
			isa = PBXNativeTarget;
			buildConfigurationList = 8AE119DA2C2E5143004B9618 /* Build configuration list for PBXNativeTarget "IDKnowlegeDB" */;
			buildPhases = (
				8AE119B22C2E5142004B9618 /* Sources */,
				8AE119B32C2E5142004B9618 /* Frameworks */,
				8AE119B42C2E5142004B9618 /* Resources */,
			);
			buildRules = (
			);
			dependencies = (
				8ACB26D22C309AEA0041F696 /* PBXTargetDependency */,
			);
			name = IDKnowlegeDB;
			productName = IDKnowlegeDB;
			productReference = 8AE119B62C2E5142004B9618 /* IDKnowlegeDB.app */;
			productType = "com.apple.product-type.application";
		};
		8AE119C52C2E5143004B9618 /* IDKnowlegeDBTests */ = {
			isa = PBXNativeTarget;
			buildConfigurationList = 8AE119DD2C2E5143004B9618 /* Build configuration list for PBXNativeTarget "IDKnowlegeDBTests" */;
			buildPhases = (
				8AE119C22C2E5143004B9618 /* Sources */,
				8AE119C32C2E5143004B9618 /* Frameworks */,
				8AE119C42C2E5143004B9618 /* Resources */,
			);
			buildRules = (
			);
			dependencies = (
				8AE119C82C2E5143004B9618 /* PBXTargetDependency */,
			);
			name = IDKnowlegeDBTests;
			packageProductDependencies = (
				8A8819082C4144A700618F9A /* IDDataStructures */,
			);
			productName = IDKnowlegeDBTests;
			productReference = 8AE119C62C2E5143004B9618 /* IDKnowlegeDBTests.xctest */;
			productType = "com.apple.product-type.bundle.unit-test";
		};
		8AE119CF2C2E5143004B9618 /* IDKnowlegeDBUITests */ = {
			isa = PBXNativeTarget;
			buildConfigurationList = 8AE119E02C2E5143004B9618 /* Build configuration list for PBXNativeTarget "IDKnowlegeDBUITests" */;
			buildPhases = (
				8AE119CC2C2E5143004B9618 /* Sources */,
				8AE119CD2C2E5143004B9618 /* Frameworks */,
				8AE119CE2C2E5143004B9618 /* Resources */,
			);
			buildRules = (
			);
			dependencies = (
				8AE119D22C2E5143004B9618 /* PBXTargetDependency */,
			);
			name = IDKnowlegeDBUITests;
			productName = IDKnowlegeDBUITests;
			productReference = 8AE119D02C2E5143004B9618 /* IDKnowlegeDBUITests.xctest */;
			productType = "com.apple.product-type.bundle.ui-testing";
		};
/* End PBXNativeTarget section */

/* Begin PBXProject section */
		8AE119AE2C2E5142004B9618 /* Project object */ = {
			isa = PBXProject;
			attributes = {
				BuildIndependentTargetsInParallel = 1;
				LastSwiftUpdateCheck = 1540;
				LastUpgradeCheck = 1540;
				TargetAttributes = {
					8AE119B52C2E5142004B9618 = {
						CreatedOnToolsVersion = 15.4;
					};
					8AE119C52C2E5143004B9618 = {
						CreatedOnToolsVersion = 15.4;
						TestTargetID = 8AE119B52C2E5142004B9618;
					};
					8AE119CF2C2E5143004B9618 = {
						CreatedOnToolsVersion = 15.4;
						TestTargetID = 8AE119B52C2E5142004B9618;
					};
				};
			};
			buildConfigurationList = 8AE119B12C2E5142004B9618 /* Build configuration list for PBXProject "IDKnowlegeDB" */;
			compatibilityVersion = "Xcode 14.0";
			developmentRegion = en;
			hasScannedForEncodings = 0;
			knownRegions = (
				en,
				Base,
			);
			mainGroup = 8AE119AD2C2E5142004B9618;
			packageReferences = (
				8ACB26D02C309AE20041F696 /* XCRemoteSwiftPackageReference "SwiftLintPlugins" */,
				8A8818872C31E69900618F9A /* XCRemoteSwiftPackageReference "swift-algorithms" */,
			);
			productRefGroup = 8AE119B72C2E5142004B9618 /* Products */;
			projectDirPath = "";
			projectRoot = "";
			targets = (
				8AE119B52C2E5142004B9618 /* IDKnowlegeDB */,
				8AE119C52C2E5143004B9618 /* IDKnowlegeDBTests */,
				8AE119CF2C2E5143004B9618 /* IDKnowlegeDBUITests */,
			);
		};
/* End PBXProject section */

/* Begin PBXResourcesBuildPhase section */
		8AE119B42C2E5142004B9618 /* Resources */ = {
			isa = PBXResourcesBuildPhase;
			buildActionMask = 2147483647;
			files = (
				8AE119C12C2E5143004B9618 /* Preview Assets.xcassets in Resources */,
				8AE119BE2C2E5143004B9618 /* Assets.xcassets in Resources */,
			);
			runOnlyForDeploymentPostprocessing = 0;
		};
		8AE119C42C2E5143004B9618 /* Resources */ = {
			isa = PBXResourcesBuildPhase;
			buildActionMask = 2147483647;
			files = (
			);
			runOnlyForDeploymentPostprocessing = 0;
		};
		8AE119CE2C2E5143004B9618 /* Resources */ = {
			isa = PBXResourcesBuildPhase;
			buildActionMask = 2147483647;
			files = (
			);
			runOnlyForDeploymentPostprocessing = 0;
		};
/* End PBXResourcesBuildPhase section */

/* Begin PBXSourcesBuildPhase section */
		8AE119B22C2E5142004B9618 /* Sources */ = {
			isa = PBXSourcesBuildPhase;
			buildActionMask = 2147483647;
			files = (
				8AE119BC2C2E5142004B9618 /* ContentView.swift in Sources */,
				8ACB26D52C309B6B0041F696 /* MemoryLayoutExample.swift in Sources */,
				8AE119BA2C2E5142004B9618 /* IDKnowlegeDBApp.swift in Sources */,
			);
			runOnlyForDeploymentPostprocessing = 0;
		};
		8AE119C22C2E5143004B9618 /* Sources */ = {
			isa = PBXSourcesBuildPhase;
			buildActionMask = 2147483647;
			files = (
				8AD97EE32C4215CB001E5AE6 /* 35_SearchInsert.swift in Sources */,
				8A2F67BB2C495DCE0029CF3F /* 21_MergeTwoSortedLists.swift in Sources */,
				8A88191F2C4179CD00618F9A /* DDProtocols.swift in Sources */,
				8A8818B02C3B2AD600618F9A /* DynamicDispatchModels.swift in Sources */,
				8A7FC1962C498CB3001D67E1 /* 66_PlusOne.swift in Sources */,
				8A8818A52C3B13F600618F9A /* CoWDataModels.swift in Sources */,
				8AF02DBF2C48F4C800F1F884 /* 13_RomanToInteger.swift in Sources */,
				8A8818AE2C3B2A9A00618F9A /* DynamicDispatch.swift in Sources */,
				8AD97EE52C4215CB001E5AE6 /* LeetcodeTask.swift in Sources */,
				8AAE83B42C49296F00F00917 /* 14_LongestCommonPrefix.swift in Sources */,
				8A8818A32C3B128100618F9A /* CopyOnWrite.swift in Sources */,
				8AD97EE02C4215CB001E5AE6 /* 1_TwoSum.swift in Sources */,
				8A7FC1942C497F60001D67E1 /* 58_LengthOfLastWord.swift in Sources */,
				8AD97EE22C4215CB001E5AE6 /* 28_FirstOccurance.swift in Sources */,
				8A85CF4C2CDA4467000A7F0B /* 67_AddBinary.swift in Sources */,
				8A7FC1922C497BF7001D67E1 /* 27_RemoveElement.swift in Sources */,
				8A8818AC2C3B16D600618F9A /* MemoryAddress.swift in Sources */,
				8AE119CB2C2E5143004B9618 /* IDKnowlegeDBTests.swift in Sources */,
				8A7FC1902C49790F001D67E1 /* 26_RemoveDuplicates.swift in Sources */,
				8A8819212C417AA900618F9A /* DDClasses.swift in Sources */,
				8AAE83B72C492F5A00F00917 /* 20_ValidParentheses.swift in Sources */,
				8A8818A92C3B14AD00618F9A /* Array+TestUtils.swift in Sources */,
				8AD97EE12C4215CB001E5AE6 /* 9_PalindromeNumber.swift in Sources */,
			);
			runOnlyForDeploymentPostprocessing = 0;
		};
		8AE119CC2C2E5143004B9618 /* Sources */ = {
			isa = PBXSourcesBuildPhase;
			buildActionMask = 2147483647;
			files = (
				8AE119D52C2E5143004B9618 /* IDKnowlegeDBUITests.swift in Sources */,
				8AE119D72C2E5143004B9618 /* IDKnowlegeDBUITestsLaunchTests.swift in Sources */,
			);
			runOnlyForDeploymentPostprocessing = 0;
		};
/* End PBXSourcesBuildPhase section */

/* Begin PBXTargetDependency section */
		8ACB26D22C309AEA0041F696 /* PBXTargetDependency */ = {
			isa = PBXTargetDependency;
			productRef = 8ACB26D12C309AEA0041F696 /* SwiftLintBuildToolPlugin */;
		};
		8AE119C82C2E5143004B9618 /* PBXTargetDependency */ = {
			isa = PBXTargetDependency;
			target = 8AE119B52C2E5142004B9618 /* IDKnowlegeDB */;
			targetProxy = 8AE119C72C2E5143004B9618 /* PBXContainerItemProxy */;
		};
		8AE119D22C2E5143004B9618 /* PBXTargetDependency */ = {
			isa = PBXTargetDependency;
			target = 8AE119B52C2E5142004B9618 /* IDKnowlegeDB */;
			targetProxy = 8AE119D12C2E5143004B9618 /* PBXContainerItemProxy */;
		};
/* End PBXTargetDependency section */

/* Begin XCBuildConfiguration section */
		8AE119D82C2E5143004B9618 /* Debug */ = {
			isa = XCBuildConfiguration;
			buildSettings = {
				ALWAYS_SEARCH_USER_PATHS = NO;
				ASSETCATALOG_COMPILER_GENERATE_SWIFT_ASSET_SYMBOL_EXTENSIONS = YES;
				CLANG_ANALYZER_NONNULL = YES;
				CLANG_ANALYZER_NUMBER_OBJECT_CONVERSION = YES_AGGRESSIVE;
				CLANG_CXX_LANGUAGE_STANDARD = "gnu++20";
				CLANG_ENABLE_MODULES = YES;
				CLANG_ENABLE_OBJC_ARC = YES;
				CLANG_ENABLE_OBJC_WEAK = YES;
				CLANG_WARN_BLOCK_CAPTURE_AUTORELEASING = YES;
				CLANG_WARN_BOOL_CONVERSION = YES;
				CLANG_WARN_COMMA = YES;
				CLANG_WARN_CONSTANT_CONVERSION = YES;
				CLANG_WARN_DEPRECATED_OBJC_IMPLEMENTATIONS = YES;
				CLANG_WARN_DIRECT_OBJC_ISA_USAGE = YES_ERROR;
				CLANG_WARN_DOCUMENTATION_COMMENTS = YES;
				CLANG_WARN_EMPTY_BODY = YES;
				CLANG_WARN_ENUM_CONVERSION = YES;
				CLANG_WARN_INFINITE_RECURSION = YES;
				CLANG_WARN_INT_CONVERSION = YES;
				CLANG_WARN_NON_LITERAL_NULL_CONVERSION = YES;
				CLANG_WARN_OBJC_IMPLICIT_RETAIN_SELF = YES;
				CLANG_WARN_OBJC_LITERAL_CONVERSION = YES;
				CLANG_WARN_OBJC_ROOT_CLASS = YES_ERROR;
				CLANG_WARN_QUOTED_INCLUDE_IN_FRAMEWORK_HEADER = YES;
				CLANG_WARN_RANGE_LOOP_ANALYSIS = YES;
				CLANG_WARN_STRICT_PROTOTYPES = YES;
				CLANG_WARN_SUSPICIOUS_MOVE = YES;
				CLANG_WARN_UNGUARDED_AVAILABILITY = YES_AGGRESSIVE;
				CLANG_WARN_UNREACHABLE_CODE = YES;
				CLANG_WARN__DUPLICATE_METHOD_MATCH = YES;
				COPY_PHASE_STRIP = NO;
				DEBUG_INFORMATION_FORMAT = dwarf;
				ENABLE_STRICT_OBJC_MSGSEND = YES;
				ENABLE_TESTABILITY = YES;
				ENABLE_USER_SCRIPT_SANDBOXING = YES;
				GCC_C_LANGUAGE_STANDARD = gnu17;
				GCC_DYNAMIC_NO_PIC = NO;
				GCC_NO_COMMON_BLOCKS = YES;
				GCC_OPTIMIZATION_LEVEL = 0;
				GCC_PREPROCESSOR_DEFINITIONS = (
					"DEBUG=1",
					"$(inherited)",
				);
				GCC_WARN_64_TO_32_BIT_CONVERSION = YES;
				GCC_WARN_ABOUT_RETURN_TYPE = YES_ERROR;
				GCC_WARN_UNDECLARED_SELECTOR = YES;
				GCC_WARN_UNINITIALIZED_AUTOS = YES_AGGRESSIVE;
				GCC_WARN_UNUSED_FUNCTION = YES;
				GCC_WARN_UNUSED_VARIABLE = YES;
				IPHONEOS_DEPLOYMENT_TARGET = 17.5;
				LOCALIZATION_PREFERS_STRING_CATALOGS = YES;
				MTL_ENABLE_DEBUG_INFO = INCLUDE_SOURCE;
				MTL_FAST_MATH = YES;
				ONLY_ACTIVE_ARCH = YES;
				SDKROOT = iphoneos;
				SWIFT_ACTIVE_COMPILATION_CONDITIONS = "DEBUG $(inherited)";
				SWIFT_OPTIMIZATION_LEVEL = "-Onone";
			};
			name = Debug;
		};
		8AE119D92C2E5143004B9618 /* Release */ = {
			isa = XCBuildConfiguration;
			buildSettings = {
				ALWAYS_SEARCH_USER_PATHS = NO;
				ASSETCATALOG_COMPILER_GENERATE_SWIFT_ASSET_SYMBOL_EXTENSIONS = YES;
				CLANG_ANALYZER_NONNULL = YES;
				CLANG_ANALYZER_NUMBER_OBJECT_CONVERSION = YES_AGGRESSIVE;
				CLANG_CXX_LANGUAGE_STANDARD = "gnu++20";
				CLANG_ENABLE_MODULES = YES;
				CLANG_ENABLE_OBJC_ARC = YES;
				CLANG_ENABLE_OBJC_WEAK = YES;
				CLANG_WARN_BLOCK_CAPTURE_AUTORELEASING = YES;
				CLANG_WARN_BOOL_CONVERSION = YES;
				CLANG_WARN_COMMA = YES;
				CLANG_WARN_CONSTANT_CONVERSION = YES;
				CLANG_WARN_DEPRECATED_OBJC_IMPLEMENTATIONS = YES;
				CLANG_WARN_DIRECT_OBJC_ISA_USAGE = YES_ERROR;
				CLANG_WARN_DOCUMENTATION_COMMENTS = YES;
				CLANG_WARN_EMPTY_BODY = YES;
				CLANG_WARN_ENUM_CONVERSION = YES;
				CLANG_WARN_INFINITE_RECURSION = YES;
				CLANG_WARN_INT_CONVERSION = YES;
				CLANG_WARN_NON_LITERAL_NULL_CONVERSION = YES;
				CLANG_WARN_OBJC_IMPLICIT_RETAIN_SELF = YES;
				CLANG_WARN_OBJC_LITERAL_CONVERSION = YES;
				CLANG_WARN_OBJC_ROOT_CLASS = YES_ERROR;
				CLANG_WARN_QUOTED_INCLUDE_IN_FRAMEWORK_HEADER = YES;
				CLANG_WARN_RANGE_LOOP_ANALYSIS = YES;
				CLANG_WARN_STRICT_PROTOTYPES = YES;
				CLANG_WARN_SUSPICIOUS_MOVE = YES;
				CLANG_WARN_UNGUARDED_AVAILABILITY = YES_AGGRESSIVE;
				CLANG_WARN_UNREACHABLE_CODE = YES;
				CLANG_WARN__DUPLICATE_METHOD_MATCH = YES;
				COPY_PHASE_STRIP = NO;
				DEBUG_INFORMATION_FORMAT = "dwarf-with-dsym";
				ENABLE_NS_ASSERTIONS = NO;
				ENABLE_STRICT_OBJC_MSGSEND = YES;
				ENABLE_USER_SCRIPT_SANDBOXING = YES;
				GCC_C_LANGUAGE_STANDARD = gnu17;
				GCC_NO_COMMON_BLOCKS = YES;
				GCC_WARN_64_TO_32_BIT_CONVERSION = YES;
				GCC_WARN_ABOUT_RETURN_TYPE = YES_ERROR;
				GCC_WARN_UNDECLARED_SELECTOR = YES;
				GCC_WARN_UNINITIALIZED_AUTOS = YES_AGGRESSIVE;
				GCC_WARN_UNUSED_FUNCTION = YES;
				GCC_WARN_UNUSED_VARIABLE = YES;
				IPHONEOS_DEPLOYMENT_TARGET = 17.5;
				LOCALIZATION_PREFERS_STRING_CATALOGS = YES;
				MTL_ENABLE_DEBUG_INFO = NO;
				MTL_FAST_MATH = YES;
				SDKROOT = iphoneos;
				SWIFT_COMPILATION_MODE = wholemodule;
				VALIDATE_PRODUCT = YES;
			};
			name = Release;
		};
		8AE119DB2C2E5143004B9618 /* Debug */ = {
			isa = XCBuildConfiguration;
			buildSettings = {
				ASSETCATALOG_COMPILER_APPICON_NAME = AppIcon;
				ASSETCATALOG_COMPILER_GLOBAL_ACCENT_COLOR_NAME = AccentColor;
				CODE_SIGN_STYLE = Automatic;
				CURRENT_PROJECT_VERSION = 1;
				DEVELOPMENT_ASSET_PATHS = "\"IDKnowlegeDB/Preview Content\"";
				DEVELOPMENT_TEAM = VBFSEML8SV;
				ENABLE_PREVIEWS = YES;
				GENERATE_INFOPLIST_FILE = YES;
				INFOPLIST_KEY_UIApplicationSceneManifest_Generation = YES;
				INFOPLIST_KEY_UIApplicationSupportsIndirectInputEvents = YES;
				INFOPLIST_KEY_UILaunchScreen_Generation = YES;
				INFOPLIST_KEY_UISupportedInterfaceOrientations_iPad = "UIInterfaceOrientationPortrait UIInterfaceOrientationPortraitUpsideDown UIInterfaceOrientationLandscapeLeft UIInterfaceOrientationLandscapeRight";
				INFOPLIST_KEY_UISupportedInterfaceOrientations_iPhone = "UIInterfaceOrientationPortrait UIInterfaceOrientationLandscapeLeft UIInterfaceOrientationLandscapeRight";
				IPHONEOS_DEPLOYMENT_TARGET = 15.0;
				LD_RUNPATH_SEARCH_PATHS = (
					"$(inherited)",
					"@executable_path/Frameworks",
				);
				MARKETING_VERSION = 1.0;
				PRODUCT_BUNDLE_IDENTIFIER = com.idDevelop.IDKnowlegeDB;
				PRODUCT_NAME = "$(TARGET_NAME)";
				SWIFT_EMIT_LOC_STRINGS = YES;
				SWIFT_VERSION = 5.0;
				TARGETED_DEVICE_FAMILY = "1,2";
			};
			name = Debug;
		};
		8AE119DC2C2E5143004B9618 /* Release */ = {
			isa = XCBuildConfiguration;
			buildSettings = {
				ASSETCATALOG_COMPILER_APPICON_NAME = AppIcon;
				ASSETCATALOG_COMPILER_GLOBAL_ACCENT_COLOR_NAME = AccentColor;
				CODE_SIGN_STYLE = Automatic;
				CURRENT_PROJECT_VERSION = 1;
				DEVELOPMENT_ASSET_PATHS = "\"IDKnowlegeDB/Preview Content\"";
				DEVELOPMENT_TEAM = VBFSEML8SV;
				ENABLE_PREVIEWS = YES;
				GENERATE_INFOPLIST_FILE = YES;
				INFOPLIST_KEY_UIApplicationSceneManifest_Generation = YES;
				INFOPLIST_KEY_UIApplicationSupportsIndirectInputEvents = YES;
				INFOPLIST_KEY_UILaunchScreen_Generation = YES;
				INFOPLIST_KEY_UISupportedInterfaceOrientations_iPad = "UIInterfaceOrientationPortrait UIInterfaceOrientationPortraitUpsideDown UIInterfaceOrientationLandscapeLeft UIInterfaceOrientationLandscapeRight";
				INFOPLIST_KEY_UISupportedInterfaceOrientations_iPhone = "UIInterfaceOrientationPortrait UIInterfaceOrientationLandscapeLeft UIInterfaceOrientationLandscapeRight";
				IPHONEOS_DEPLOYMENT_TARGET = 15.0;
				LD_RUNPATH_SEARCH_PATHS = (
					"$(inherited)",
					"@executable_path/Frameworks",
				);
				MARKETING_VERSION = 1.0;
				PRODUCT_BUNDLE_IDENTIFIER = com.idDevelop.IDKnowlegeDB;
				PRODUCT_NAME = "$(TARGET_NAME)";
				SWIFT_EMIT_LOC_STRINGS = YES;
				SWIFT_VERSION = 5.0;
				TARGETED_DEVICE_FAMILY = "1,2";
			};
			name = Release;
		};
		8AE119DE2C2E5143004B9618 /* Debug */ = {
			isa = XCBuildConfiguration;
			buildSettings = {
				ALWAYS_EMBED_SWIFT_STANDARD_LIBRARIES = YES;
				BUNDLE_LOADER = "$(TEST_HOST)";
				CODE_SIGN_STYLE = Automatic;
				CURRENT_PROJECT_VERSION = 1;
				DEVELOPMENT_TEAM = VBFSEML8SV;
				GENERATE_INFOPLIST_FILE = YES;
				IPHONEOS_DEPLOYMENT_TARGET = 17.5;
				MARKETING_VERSION = 1.0;
				PRODUCT_BUNDLE_IDENTIFIER = com.idDevelop.IDKnowlegeDBTests;
				PRODUCT_NAME = "$(TARGET_NAME)";
				SWIFT_EMIT_LOC_STRINGS = NO;
				SWIFT_VERSION = 5.0;
				TARGETED_DEVICE_FAMILY = "1,2";
				TEST_HOST = "$(BUILT_PRODUCTS_DIR)/IDKnowlegeDB.app/$(BUNDLE_EXECUTABLE_FOLDER_PATH)/IDKnowlegeDB";
			};
			name = Debug;
		};
		8AE119DF2C2E5143004B9618 /* Release */ = {
			isa = XCBuildConfiguration;
			buildSettings = {
				ALWAYS_EMBED_SWIFT_STANDARD_LIBRARIES = YES;
				BUNDLE_LOADER = "$(TEST_HOST)";
				CODE_SIGN_STYLE = Automatic;
				CURRENT_PROJECT_VERSION = 1;
				DEVELOPMENT_TEAM = VBFSEML8SV;
				GENERATE_INFOPLIST_FILE = YES;
				IPHONEOS_DEPLOYMENT_TARGET = 17.5;
				MARKETING_VERSION = 1.0;
				PRODUCT_BUNDLE_IDENTIFIER = com.idDevelop.IDKnowlegeDBTests;
				PRODUCT_NAME = "$(TARGET_NAME)";
				SWIFT_EMIT_LOC_STRINGS = NO;
				SWIFT_VERSION = 5.0;
				TARGETED_DEVICE_FAMILY = "1,2";
				TEST_HOST = "$(BUILT_PRODUCTS_DIR)/IDKnowlegeDB.app/$(BUNDLE_EXECUTABLE_FOLDER_PATH)/IDKnowlegeDB";
			};
			name = Release;
		};
		8AE119E12C2E5143004B9618 /* Debug */ = {
			isa = XCBuildConfiguration;
			buildSettings = {
				ALWAYS_EMBED_SWIFT_STANDARD_LIBRARIES = YES;
				CODE_SIGN_STYLE = Automatic;
				CURRENT_PROJECT_VERSION = 1;
				DEVELOPMENT_TEAM = VBFSEML8SV;
				GENERATE_INFOPLIST_FILE = YES;
				MARKETING_VERSION = 1.0;
				PRODUCT_BUNDLE_IDENTIFIER = com.idDevelop.IDKnowlegeDBUITests;
				PRODUCT_NAME = "$(TARGET_NAME)";
				SWIFT_EMIT_LOC_STRINGS = NO;
				SWIFT_VERSION = 5.0;
				TARGETED_DEVICE_FAMILY = "1,2";
				TEST_TARGET_NAME = IDKnowlegeDB;
			};
			name = Debug;
		};
		8AE119E22C2E5143004B9618 /* Release */ = {
			isa = XCBuildConfiguration;
			buildSettings = {
				ALWAYS_EMBED_SWIFT_STANDARD_LIBRARIES = YES;
				CODE_SIGN_STYLE = Automatic;
				CURRENT_PROJECT_VERSION = 1;
				DEVELOPMENT_TEAM = VBFSEML8SV;
				GENERATE_INFOPLIST_FILE = YES;
				MARKETING_VERSION = 1.0;
				PRODUCT_BUNDLE_IDENTIFIER = com.idDevelop.IDKnowlegeDBUITests;
				PRODUCT_NAME = "$(TARGET_NAME)";
				SWIFT_EMIT_LOC_STRINGS = NO;
				SWIFT_VERSION = 5.0;
				TARGETED_DEVICE_FAMILY = "1,2";
				TEST_TARGET_NAME = IDKnowlegeDB;
			};
			name = Release;
		};
/* End XCBuildConfiguration section */

/* Begin XCConfigurationList section */
		8AE119B12C2E5142004B9618 /* Build configuration list for PBXProject "IDKnowlegeDB" */ = {
			isa = XCConfigurationList;
			buildConfigurations = (
				8AE119D82C2E5143004B9618 /* Debug */,
				8AE119D92C2E5143004B9618 /* Release */,
			);
			defaultConfigurationIsVisible = 0;
			defaultConfigurationName = Release;
		};
		8AE119DA2C2E5143004B9618 /* Build configuration list for PBXNativeTarget "IDKnowlegeDB" */ = {
			isa = XCConfigurationList;
			buildConfigurations = (
				8AE119DB2C2E5143004B9618 /* Debug */,
				8AE119DC2C2E5143004B9618 /* Release */,
			);
			defaultConfigurationIsVisible = 0;
			defaultConfigurationName = Release;
		};
		8AE119DD2C2E5143004B9618 /* Build configuration list for PBXNativeTarget "IDKnowlegeDBTests" */ = {
			isa = XCConfigurationList;
			buildConfigurations = (
				8AE119DE2C2E5143004B9618 /* Debug */,
				8AE119DF2C2E5143004B9618 /* Release */,
			);
			defaultConfigurationIsVisible = 0;
			defaultConfigurationName = Release;
		};
		8AE119E02C2E5143004B9618 /* Build configuration list for PBXNativeTarget "IDKnowlegeDBUITests" */ = {
			isa = XCConfigurationList;
			buildConfigurations = (
				8AE119E12C2E5143004B9618 /* Debug */,
				8AE119E22C2E5143004B9618 /* Release */,
			);
			defaultConfigurationIsVisible = 0;
			defaultConfigurationName = Release;
		};
/* End XCConfigurationList section */

/* Begin XCRemoteSwiftPackageReference section */
		8A8818872C31E69900618F9A /* XCRemoteSwiftPackageReference "swift-algorithms" */ = {
			isa = XCRemoteSwiftPackageReference;
			repositoryURL = "https://github.com/apple/swift-algorithms.git";
			requirement = {
				kind = upToNextMajorVersion;
				minimumVersion = 1.2.0;
			};
		};
		8ACB26D02C309AE20041F696 /* XCRemoteSwiftPackageReference "SwiftLintPlugins" */ = {
			isa = XCRemoteSwiftPackageReference;
			repositoryURL = "https://github.com/SimplyDanny/SwiftLintPlugins";
			requirement = {
				kind = upToNextMajorVersion;
				minimumVersion = 0.55.1;
			};
		};
/* End XCRemoteSwiftPackageReference section */

/* Begin XCSwiftPackageProductDependency section */
		8A8819082C4144A700618F9A /* IDDataStructures */ = {
			isa = XCSwiftPackageProductDependency;
			productName = IDDataStructures;
		};
		8ACB26D12C309AEA0041F696 /* SwiftLintBuildToolPlugin */ = {
			isa = XCSwiftPackageProductDependency;
			package = 8ACB26D02C309AE20041F696 /* XCRemoteSwiftPackageReference "SwiftLintPlugins" */;
			productName = "plugin:SwiftLintBuildToolPlugin";
		};
/* End XCSwiftPackageProductDependency section */
	};
	rootObject = 8AE119AE2C2E5142004B9618 /* Project object */;
}
